
Microsoft Visual Studio Solution File, Format Version 12.00
# Visual Studio 2012
Project("{FAE04EC0-301F-11D3-BF4B-00C04F79EFBC}") = "GroceryList", "GroceryList\GroceryList.csproj", "{6688BBA5-EDD3-490A-9876-3AEC9D57052C}"
EndProject
Global
	GlobalSection(SolutionConfigurationPlatforms) = preSolution
		Debug|Any CPU = Debug|Any CPU
		Release|Any CPU = Release|Any CPU
	EndGlobalSection
	GlobalSection(ProjectConfigurationPlatforms) = postSolution
		{6688BBA5-EDD3-490A-9876-3AEC9D57052C}.Debug|Any CPU.ActiveCfg = Debug|Any CPU
		{6688BBA5-EDD3-490A-9876-3AEC9D57052C}.Debug|Any CPU.Build.0 = Debug|Any CPU
		{6688BBA5-EDD3-490A-9876-3AEC9D57052C}.Release|Any CPU.ActiveCfg = Release|Any CPU
		{6688BBA5-EDD3-490A-9876-3AEC9D57052C}.Release|Any CPU.Build.0 = Release|Any CPU
	EndGlobalSection
	GlobalSection(SolutionProperties) = preSolution
		HideSolutionNode = FALSE
	EndGlobalSection
EndGlobal
